// !$*UTF8*$!
{
	archiveVersion = 1;
	classes = {
	};
	objectVersion = 46;
	objects = {

/* Begin PBXBuildFile section */
		7329EA4E1CC93671005129B9 /* WinningViewController.swift in Sources */ = {isa = PBXBuildFile; fileRef = 7329EA4D1CC93671005129B9 /* WinningViewController.swift */; };
		7348AF8D1DB062BC00B661DE /* BorderedView.swift in Sources */ = {isa = PBXBuildFile; fileRef = 7348AF8C1DB062BC00B661DE /* BorderedView.swift */; };
		73CF7EE61DADB93B006A966E /* BorderedButton.swift in Sources */ = {isa = PBXBuildFile; fileRef = 73CF7EE51DADB93B006A966E /* BorderedButton.swift */; };
		73CF7F481DAF18AE006A966E /* CheatCodeViewController.swift in Sources */ = {isa = PBXBuildFile; fileRef = 73CF7F471DAF18AE006A966E /* CheatCodeViewController.swift */; };
		73DE77861DADAC690031C1D0 /* ConfettiLayer.swift in Sources */ = {isa = PBXBuildFile; fileRef = 73DE77831DADAC690031C1D0 /* ConfettiLayer.swift */; };
		73DE77871DADAC690031C1D0 /* ConfettiView.swift in Sources */ = {isa = PBXBuildFile; fileRef = 73DE77841DADAC690031C1D0 /* ConfettiView.swift */; };
		73DE77881DADAC690031C1D0 /* ShapeView.swift in Sources */ = {isa = PBXBuildFile; fileRef = 73DE77851DADAC690031C1D0 /* ShapeView.swift */; };
		73FADC391CB9900D007A5767 /* AppDelegate.swift in Sources */ = {isa = PBXBuildFile; fileRef = 73FADC381CB9900D007A5767 /* AppDelegate.swift */; };
		73FADC3B1CB9900D007A5767 /* MainViewController.swift in Sources */ = {isa = PBXBuildFile; fileRef = 73FADC3A1CB9900D007A5767 /* MainViewController.swift */; };
		73FADC3E1CB9900D007A5767 /* Main.storyboard in Resources */ = {isa = PBXBuildFile; fileRef = 73FADC3C1CB9900D007A5767 /* Main.storyboard */; };
		73FADC401CB9900D007A5767 /* Assets.xcassets in Resources */ = {isa = PBXBuildFile; fileRef = 73FADC3F1CB9900D007A5767 /* Assets.xcassets */; };
		73FADC431CB9900D007A5767 /* LaunchScreen.storyboard in Resources */ = {isa = PBXBuildFile; fileRef = 73FADC411CB9900D007A5767 /* LaunchScreen.storyboard */; };
/* End PBXBuildFile section */

/* Begin PBXFileReference section */
		7329EA4D1CC93671005129B9 /* WinningViewController.swift */ = {isa = PBXFileReference; fileEncoding = 4; lastKnownFileType = sourcecode.swift; path = WinningViewController.swift; sourceTree = "<group>"; };
		7348AF8C1DB062BC00B661DE /* BorderedView.swift */ = {isa = PBXFileReference; fileEncoding = 4; lastKnownFileType = sourcecode.swift; path = BorderedView.swift; sourceTree = "<group>"; };
		73CF7EE51DADB93B006A966E /* BorderedButton.swift */ = {isa = PBXFileReference; fileEncoding = 4; lastKnownFileType = sourcecode.swift; path = BorderedButton.swift; sourceTree = "<group>"; };
		73CF7F471DAF18AE006A966E /* CheatCodeViewController.swift */ = {isa = PBXFileReference; fileEncoding = 4; lastKnownFileType = sourcecode.swift; path = CheatCodeViewController.swift; sourceTree = "<group>"; };
		73DE77831DADAC690031C1D0 /* ConfettiLayer.swift */ = {isa = PBXFileReference; fileEncoding = 4; lastKnownFileType = sourcecode.swift; name = ConfettiLayer.swift; path = Classes/ConfettiLayer.swift; sourceTree = "<group>"; };
		73DE77841DADAC690031C1D0 /* ConfettiView.swift */ = {isa = PBXFileReference; fileEncoding = 4; lastKnownFileType = sourcecode.swift; name = ConfettiView.swift; path = Classes/ConfettiView.swift; sourceTree = "<group>"; };
		73DE77851DADAC690031C1D0 /* ShapeView.swift */ = {isa = PBXFileReference; fileEncoding = 4; lastKnownFileType = sourcecode.swift; name = ShapeView.swift; path = Classes/ShapeView.swift; sourceTree = "<group>"; };
		73FADC351CB9900D007A5767 /* Puzzle Buttons.app */ = {isa = PBXFileReference; explicitFileType = wrapper.application; includeInIndex = 0; path = "Puzzle Buttons.app"; sourceTree = BUILT_PRODUCTS_DIR; };
		73FADC381CB9900D007A5767 /* AppDelegate.swift */ = {isa = PBXFileReference; lastKnownFileType = sourcecode.swift; path = AppDelegate.swift; sourceTree = "<group>"; };
		73FADC3A1CB9900D007A5767 /* MainViewController.swift */ = {isa = PBXFileReference; lastKnownFileType = sourcecode.swift; path = MainViewController.swift; sourceTree = "<group>"; };
		73FADC3D1CB9900D007A5767 /* Base */ = {isa = PBXFileReference; lastKnownFileType = file.storyboard; name = Base; path = Base.lproj/Main.storyboard; sourceTree = "<group>"; };
		73FADC3F1CB9900D007A5767 /* Assets.xcassets */ = {isa = PBXFileReference; lastKnownFileType = folder.assetcatalog; path = Assets.xcassets; sourceTree = "<group>"; };
		73FADC421CB9900D007A5767 /* Base */ = {isa = PBXFileReference; lastKnownFileType = file.storyboard; name = Base; path = Base.lproj/LaunchScreen.storyboard; sourceTree = "<group>"; };
		73FADC441CB9900D007A5767 /* Info.plist */ = {isa = PBXFileReference; lastKnownFileType = text.plist.xml; path = Info.plist; sourceTree = "<group>"; };
/* End PBXFileReference section */

/* Begin PBXFrameworksBuildPhase section */
		73FADC321CB9900D007A5767 /* Frameworks */ = {
			isa = PBXFrameworksBuildPhase;
			buildActionMask = 2147483647;
			files = (
			);
			runOnlyForDeploymentPostprocessing = 0;
		};
/* End PBXFrameworksBuildPhase section */

/* Begin PBXGroup section */
		73CF7EE71DADB93F006A966E /* Views */ = {
			isa = PBXGroup;
			children = (
				73DE77891DADAC6D0031C1D0 /* Confetti */,
				73CF7EE51DADB93B006A966E /* BorderedButton.swift */,
				7348AF8C1DB062BC00B661DE /* BorderedView.swift */,
			);
			name = Views;
			sourceTree = "<group>";
		};
		73DE77891DADAC6D0031C1D0 /* Confetti */ = {
			isa = PBXGroup;
			children = (
				73DE77831DADAC690031C1D0 /* ConfettiLayer.swift */,
				73DE77841DADAC690031C1D0 /* ConfettiView.swift */,
				73DE77851DADAC690031C1D0 /* ShapeView.swift */,
			);
			name = Confetti;
			sourceTree = "<group>";
		};
		73DE778A1DADAC7C0031C1D0 /* ViewControllers */ = {
			isa = PBXGroup;
			children = (
				73FADC3A1CB9900D007A5767 /* MainViewController.swift */,
				7329EA4D1CC93671005129B9 /* WinningViewController.swift */,
				73CF7F471DAF18AE006A966E /* CheatCodeViewController.swift */,
			);
			name = ViewControllers;
			sourceTree = "<group>";
		};
		73FADC2C1CB9900D007A5767 = {
			isa = PBXGroup;
			children = (
				73FADC371CB9900D007A5767 /* Puzzle Buttons */,
				73FADC361CB9900D007A5767 /* Products */,
			);
			sourceTree = "<group>";
		};
		73FADC361CB9900D007A5767 /* Products */ = {
			isa = PBXGroup;
			children = (
				73FADC351CB9900D007A5767 /* Puzzle Buttons.app */,
			);
			name = Products;
			sourceTree = "<group>";
		};
		73FADC371CB9900D007A5767 /* Puzzle Buttons */ = {
			isa = PBXGroup;
			children = (
				73CF7EE71DADB93F006A966E /* Views */,
				73DE778A1DADAC7C0031C1D0 /* ViewControllers */,
				73FADC381CB9900D007A5767 /* AppDelegate.swift */,
				73FADC3C1CB9900D007A5767 /* Main.storyboard */,
				73FADC3F1CB9900D007A5767 /* Assets.xcassets */,
				73FADC411CB9900D007A5767 /* LaunchScreen.storyboard */,
				73FADC441CB9900D007A5767 /* Info.plist */,
			);
			path = "Puzzle Buttons";
			sourceTree = "<group>";
		};
/* End PBXGroup section */

/* Begin PBXNativeTarget section */
		73FADC341CB9900D007A5767 /* Puzzle Buttons */ = {
			isa = PBXNativeTarget;
			buildConfigurationList = 73FADC471CB9900D007A5767 /* Build configuration list for PBXNativeTarget "Puzzle Buttons" */;
			buildPhases = (
				73FADC311CB9900D007A5767 /* Sources */,
				73FADC321CB9900D007A5767 /* Frameworks */,
				73FADC331CB9900D007A5767 /* Resources */,
			);
			buildRules = (
			);
			dependencies = (
			);
			name = "Puzzle Buttons";
			productName = "Puzzle Buttons";
			productReference = 73FADC351CB9900D007A5767 /* Puzzle Buttons.app */;
			productType = "com.apple.product-type.application";
		};
/* End PBXNativeTarget section */

/* Begin PBXProject section */
		73FADC2D1CB9900D007A5767 /* Project object */ = {
			isa = PBXProject;
			attributes = {
				LastSwiftUpdateCheck = 0730;
				LastUpgradeCheck = 0800;
				ORGANIZATIONNAME = Herrington;
				TargetAttributes = {
					73FADC341CB9900D007A5767 = {
						CreatedOnToolsVersion = 7.3;
						DevelopmentTeam = 574WJ7QENW;
						LastSwiftMigration = 0800;
					};
				};
			};
			buildConfigurationList = 73FADC301CB9900D007A5767 /* Build configuration list for PBXProject "Puzzle Buttons" */;
			compatibilityVersion = "Xcode 3.2";
			developmentRegion = English;
			hasScannedForEncodings = 0;
			knownRegions = (
				en,
				Base,
			);
			mainGroup = 73FADC2C1CB9900D007A5767;
			productRefGroup = 73FADC361CB9900D007A5767 /* Products */;
			projectDirPath = "";
			projectRoot = "";
			targets = (
				73FADC341CB9900D007A5767 /* Puzzle Buttons */,
			);
		};
/* End PBXProject section */

/* Begin PBXResourcesBuildPhase section */
		73FADC331CB9900D007A5767 /* Resources */ = {
			isa = PBXResourcesBuildPhase;
			buildActionMask = 2147483647;
			files = (
				73FADC431CB9900D007A5767 /* LaunchScreen.storyboard in Resources */,
				73FADC401CB9900D007A5767 /* Assets.xcassets in Resources */,
				73FADC3E1CB9900D007A5767 /* Main.storyboard in Resources */,
			);
			runOnlyForDeploymentPostprocessing = 0;
		};
/* End PBXResourcesBuildPhase section */

/* Begin PBXSourcesBuildPhase section */
		73FADC311CB9900D007A5767 /* Sources */ = {
			isa = PBXSourcesBuildPhase;
			buildActionMask = 2147483647;
			files = (
				73DE77881DADAC690031C1D0 /* ShapeView.swift in Sources */,
				7348AF8D1DB062BC00B661DE /* BorderedView.swift in Sources */,
				73FADC3B1CB9900D007A5767 /* MainViewController.swift in Sources */,
				7329EA4E1CC93671005129B9 /* WinningViewController.swift in Sources */,
				73FADC391CB9900D007A5767 /* AppDelegate.swift in Sources */,
				73DE77871DADAC690031C1D0 /* ConfettiView.swift in Sources */,
				73DE77861DADAC690031C1D0 /* ConfettiLayer.swift in Sources */,
				73CF7EE61DADB93B006A966E /* BorderedButton.swift in Sources */,
				73CF7F481DAF18AE006A966E /* CheatCodeViewController.swift in Sources */,
			);
			runOnlyForDeploymentPostprocessing = 0;
		};
/* End PBXSourcesBuildPhase section */

/* Begin PBXVariantGroup section */
		73FADC3C1CB9900D007A5767 /* Main.storyboard */ = {
			isa = PBXVariantGroup;
			children = (
				73FADC3D1CB9900D007A5767 /* Base */,
			);
			name = Main.storyboard;
			sourceTree = "<group>";
		};
		73FADC411CB9900D007A5767 /* LaunchScreen.storyboard */ = {
			isa = PBXVariantGroup;
			children = (
				73FADC421CB9900D007A5767 /* Base */,
			);
			name = LaunchScreen.storyboard;
			sourceTree = "<group>";
		};
/* End PBXVariantGroup section */

/* Begin XCBuildConfiguration section */
		73FADC451CB9900D007A5767 /* Debug */ = {
			isa = XCBuildConfiguration;
			buildSettings = {
				ALWAYS_SEARCH_USER_PATHS = NO;
				CLANG_ANALYZER_NONNULL = YES;
				CLANG_CXX_LANGUAGE_STANDARD = "gnu++0x";
				CLANG_CXX_LIBRARY = "libc++";
				CLANG_ENABLE_MODULES = YES;
				CLANG_ENABLE_OBJC_ARC = YES;
				CLANG_WARN_BOOL_CONVERSION = YES;
				CLANG_WARN_CONSTANT_CONVERSION = YES;
				CLANG_WARN_DIRECT_OBJC_ISA_USAGE = YES_ERROR;
				CLANG_WARN_EMPTY_BODY = YES;
				CLANG_WARN_ENUM_CONVERSION = YES;
				CLANG_WARN_INFINITE_RECURSION = YES;
				CLANG_WARN_INT_CONVERSION = YES;
				CLANG_WARN_OBJC_ROOT_CLASS = YES_ERROR;
				CLANG_WARN_SUSPICIOUS_MOVE = YES;
				CLANG_WARN_UNREACHABLE_CODE = YES;
				CLANG_WARN__DUPLICATE_METHOD_MATCH = YES;
				CODE_SIGN_IDENTITY = "iPhone Developer: Ryley Herrington (RFFBF78KN3)";
				"CODE_SIGN_IDENTITY[sdk=iphoneos*]" = "iPhone Developer";
				COPY_PHASE_STRIP = NO;
				DEBUG_INFORMATION_FORMAT = dwarf;
				ENABLE_STRICT_OBJC_MSGSEND = YES;
				ENABLE_TESTABILITY = YES;
				GCC_C_LANGUAGE_STANDARD = gnu99;
				GCC_DYNAMIC_NO_PIC = NO;
				GCC_NO_COMMON_BLOCKS = YES;
				GCC_OPTIMIZATION_LEVEL = 0;
				GCC_PREPROCESSOR_DEFINITIONS = (
					"DEBUG=1",
					"$(inherited)",
				);
				GCC_WARN_64_TO_32_BIT_CONVERSION = YES;
				GCC_WARN_ABOUT_RETURN_TYPE = YES_ERROR;
				GCC_WARN_UNDECLARED_SELECTOR = YES;
				GCC_WARN_UNINITIALIZED_AUTOS = YES_AGGRESSIVE;
				GCC_WARN_UNUSED_FUNCTION = YES;
				GCC_WARN_UNUSED_VARIABLE = YES;
				IPHONEOS_DEPLOYMENT_TARGET = 9.3;
				MTL_ENABLE_DEBUG_INFO = YES;
				ONLY_ACTIVE_ARCH = YES;
				SDKROOT = iphoneos;
				SWIFT_OPTIMIZATION_LEVEL = "-Onone";
				TARGETED_DEVICE_FAMILY = "1,2";
			};
			name = Debug;
		};
		73FADC461CB9900D007A5767 /* Release */ = {
			isa = XCBuildConfiguration;
			buildSettings = {
				ALWAYS_SEARCH_USER_PATHS = NO;
				CLANG_ANALYZER_NONNULL = YES;
				CLANG_CXX_LANGUAGE_STANDARD = "gnu++0x";
				CLANG_CXX_LIBRARY = "libc++";
				CLANG_ENABLE_MODULES = YES;
				CLANG_ENABLE_OBJC_ARC = YES;
				CLANG_WARN_BOOL_CONVERSION = YES;
				CLANG_WARN_CONSTANT_CONVERSION = YES;
				CLANG_WARN_DIRECT_OBJC_ISA_USAGE = YES_ERROR;
				CLANG_WARN_EMPTY_BODY = YES;
				CLANG_WARN_ENUM_CONVERSION = YES;
				CLANG_WARN_INFINITE_RECURSION = YES;
				CLANG_WARN_INT_CONVERSION = YES;
				CLANG_WARN_OBJC_ROOT_CLASS = YES_ERROR;
				CLANG_WARN_SUSPICIOUS_MOVE = YES;
				CLANG_WARN_UNREACHABLE_CODE = YES;
				CLANG_WARN__DUPLICATE_METHOD_MATCH = YES;
				CODE_SIGN_IDENTITY = "iPhone Distribution: Ryley Herrington (574WJ7QENW)";
				"CODE_SIGN_IDENTITY[sdk=iphoneos*]" = "iPhone Developer";
				COPY_PHASE_STRIP = NO;
				DEBUG_INFORMATION_FORMAT = "dwarf-with-dsym";
				ENABLE_NS_ASSERTIONS = NO;
				ENABLE_STRICT_OBJC_MSGSEND = YES;
				GCC_C_LANGUAGE_STANDARD = gnu99;
				GCC_NO_COMMON_BLOCKS = YES;
				GCC_WARN_64_TO_32_BIT_CONVERSION = YES;
				GCC_WARN_ABOUT_RETURN_TYPE = YES_ERROR;
				GCC_WARN_UNDECLARED_SELECTOR = YES;
				GCC_WARN_UNINITIALIZED_AUTOS = YES_AGGRESSIVE;
				GCC_WARN_UNUSED_FUNCTION = YES;
				GCC_WARN_UNUSED_VARIABLE = YES;
				IPHONEOS_DEPLOYMENT_TARGET = 9.3;
				MTL_ENABLE_DEBUG_INFO = NO;
				ONLY_ACTIVE_ARCH = YES;
				SDKROOT = iphoneos;
				SWIFT_OPTIMIZATION_LEVEL = "-Owholemodule";
				TARGETED_DEVICE_FAMILY = "1,2";
				VALIDATE_PRODUCT = YES;
			};
			name = Release;
		};
		73FADC481CB9900D007A5767 /* Debug */ = {
			isa = XCBuildConfiguration;
			buildSettings = {
				ASSETCATALOG_COMPILER_APPICON_NAME = AppIcon;
				DEVELOPMENT_TEAM = 574WJ7QENW;
				INFOPLIST_FILE = "Puzzle Buttons/Info.plist";
				LD_RUNPATH_SEARCH_PATHS = "$(inherited) @executable_path/Frameworks";
				PRODUCT_BUNDLE_IDENTIFIER = "com.herrington.Puzzle-Buttons";
				PRODUCT_NAME = "$(TARGET_NAME)";
				SWIFT_VERSION = 3.0;
			};
			name = Debug;
		};
		73FADC491CB9900D007A5767 /* Release */ = {
			isa = XCBuildConfiguration;
			buildSettings = {
				ASSETCATALOG_COMPILER_APPICON_NAME = AppIcon;
				DEVELOPMENT_TEAM = 574WJ7QENW;
				INFOPLIST_FILE = "Puzzle Buttons/Info.plist";
				LD_RUNPATH_SEARCH_PATHS = "$(inherited) @executable_path/Frameworks";
				PRODUCT_BUNDLE_IDENTIFIER = "com.herrington.Puzzle-Buttons";
				PRODUCT_NAME = "$(TARGET_NAME)";
				SWIFT_VERSION = 3.0;
			};
			name = Release;
		};
/* End XCBuildConfiguration section */

/* Begin XCConfigurationList section */
		73FADC301CB9900D007A5767 /* Build configuration list for PBXProject "Puzzle Buttons" */ = {
			isa = XCConfigurationList;
			buildConfigurations = (
				73FADC451CB9900D007A5767 /* Debug */,
				73FADC461CB9900D007A5767 /* Release */,
			);
			defaultConfigurationIsVisible = 0;
			defaultConfigurationName = Release;
		};
		73FADC471CB9900D007A5767 /* Build configuration list for PBXNativeTarget "Puzzle Buttons" */ = {
			isa = XCConfigurationList;
			buildConfigurations = (
				73FADC481CB9900D007A5767 /* Debug */,
				73FADC491CB9900D007A5767 /* Release */,
			);
			defaultConfigurationIsVisible = 0;
			defaultConfigurationName = Release;
		};
/* End XCConfigurationList section */
	};
	rootObject = 73FADC2D1CB9900D007A5767 /* Project object */;
}
